
Microsoft Visual Studio Solution File, Format Version 12.00
# Visual Studio Version 16
VisualStudioVersion = 16.0.29209.62
MinimumVisualStudioVersion = 10.0.40219.1
Project("{FAE04EC0-301F-11D3-BF4B-00C04F79EFBC}") = "File IO CSharp", "File IO CSharp.csproj", "{F8AD1A55-B83B-490A-A9EC-FD5C733EAD5E}"
EndProject
Global
	GlobalSection(SolutionConfigurationPlatforms) = preSolution
		Debug|Any CPU = Debug|Any CPU
		Release|Any CPU = Release|Any CPU
	EndGlobalSection
	GlobalSection(ProjectConfigurationPlatforms) = postSolution
		{F8AD1A55-B83B-490A-A9EC-FD5C733EAD5E}.Debug|Any CPU.ActiveCfg = Debug|Any CPU
		{F8AD1A55-B83B-490A-A9EC-FD5C733EAD5E}.Debug|Any CPU.Build.0 = Debug|Any CPU
		{F8AD1A55-B83B-490A-A9EC-FD5C733EAD5E}.Release|Any CPU.ActiveCfg = Release|Any CPU
		{F8AD1A55-B83B-490A-A9EC-FD5C733EAD5E}.Release|Any CPU.Build.0 = Release|Any CPU
	EndGlobalSection
	GlobalSection(SolutionProperties) = preSolution
		HideSolutionNode = FALSE
	EndGlobalSection
	GlobalSection(ExtensibilityGlobals) = postSolution
		SolutionGuid = {2C9291F5-7757-4964-8C02-B7FEBF09239A}
	EndGlobalSection
EndGlobal
